<?xml version="1.0" encoding="utf-8"?>
<Project ToolsVersion="4.0" xmlns="http://schemas.microsoft.com/developer/msbuild/2003">
  <ItemGroup>
    <Filter Include="src">
      <UniqueIdentifier>{f2c8a6d9-b416-413c-add5-de836865016a}</UniqueIdentifier>
    </Filter>
    <Filter Include="src\src">
      <UniqueIdentifier>{e90fe6ac-73d7-499b-b7d5-fe3a5d249735}</UniqueIdentifier>
    </Filter>
    <Filter Include="src\src\libqhull">
      <UniqueIdentifier>{41aacd3a-58ec-4f1f-97a4-41c9f6822fd1}</UniqueIdentifier>
    </Filter>
  </ItemGroup>
  <ItemGroup>
    <ClCompile Include="src\src\libqhull\userprintf.c">
      <Filter>src\src\libqhull</Filter>
    </ClCompile>
    <ClCompile Include="src\src\libqhull\userprintf_rbox.c">
      <Filter>src\src\libqhull</Filter>
    </ClCompile>
    <ClCompile Include="src\src\libqhull\geom.c">
      <Filter>src\src\libqhull</Filter>
    </ClCompile>
    <ClCompile Include="src\src\libqhull\geom2.c">
      <Filter>src\src\libqhull</Filter>
    </ClCompile>
    <ClCompile Include="src\src\libqhull\global.c">
      <Filter>src\src\libqhull</Filter>
    </ClCompile>
    <ClCompile Include="src\src\libqhull\io.c">
      <Filter>src\src\libqhull</Filter>
    </ClCompile>
    <ClCompile Include="src\src\libqhull\libqhull.c">
      <Filter>src\src\libqhull</Filter>
    </ClCompile>
    <ClCompile Include="src\src\libqhull\mem.c">
      <Filter>src\src\libqhull</Filter>
    </ClCompile>
    <ClCompile Include="src\src\libqhull\merge.c">
      <Filter>src\src\libqhull</Filter>
    </ClCompile>
    <ClCompile Include="src\src\libqhull\poly.c">
      <Filter>src\src\libqhull</Filter>
    </ClCompile>
    <ClCompile Include="src\src\libqhull\poly2.c">
      <Filter>src\src\libqhull</Filter>
    </ClCompile>
    <ClCompile Include="src\src\libqhull\qset.c">
      <Filter>src\src\libqhull</Filter>
    </ClCompile>
    <ClCompile Include="src\src\libqhull\random.c">
      <Filter>src\src\libqhull</Filter>
    </ClCompile>
    <ClCompile Include="src\src\libqhull\rboxlib.c">
      <Filter>src\src\libqhull</Filter>
    </ClCompile>
    <ClCompile Include="src\src\libqhull\stat.c">
      <Filter>src\src\libqhull</Filter>
    </ClCompile>
    <ClCompile Include="src\src\libqhull\user.c">
      <Filter>src\src\libqhull</Filter>
    </ClCompile>
    <ClCompile Include="src\src\libqhull\usermem.c">
      <Filter>src\src\libqhull</Filter>
    </ClCompile>
  </ItemGroup>
</Project>