
Microsoft Visual Studio Solution File, Format Version 12.00
# Visual Studio 2013
VisualStudioVersion = 12.0.30324.0
MinimumVisualStudioVersion = 10.0.40219.1
Project("{8BC9CEB8-8B4A-11D0-8D11-00A0C91BC942}") = "LibZ", "LibZ\LibZ.vcxproj", "{B26E24E9-C1ED-437E-859D-59C8435D5685}"
	ProjectSection(ProjectDependencies) = postProject
		{1DC20B58-ED98-4E0A-9F26-F63E4204DEA5} = {1DC20B58-ED98-4E0A-9F26-F63E4204DEA5}
	EndProjectSection
EndProject
Project("{8BC9CEB8-8B4A-11D0-8D11-00A0C91BC942}") = "LibBzip2", "LibBzip2\LibBzip2.vcxproj", "{1DC20B58-ED98-4E0A-9F26-F63E4204DEA5}"
EndProject
Project("{8BC9CEB8-8B4A-11D0-8D11-00A0C91BC942}") = "LibJpeg", "LibJpeg\LibJpeg.vcxproj", "{7413D76B-1EA8-484B-B62B-6C353D452420}"
EndProject
Project("{8BC9CEB8-8B4A-11D0-8D11-00A0C91BC942}") = "LibLcms", "LibLcms\LibLcms.vcxproj", "{11038C0C-A2C6-43CA-AA9E-7D5213D9F444}"
EndProject
Project("{8BC9CEB8-8B4A-11D0-8D11-00A0C91BC942}") = "LibTrueType2", "LibTrueType2\LibTrueType2.vcxproj", "{0C634611-1AF1-4CCD-978D-CD593030CC88}"
EndProject
Project("{8BC9CEB8-8B4A-11D0-8D11-00A0C91BC942}") = "LibPng", "LibPng\LibPng.vcxproj", "{0527FAB4-FA87-4E8E-AB5D-9A8C00661708}"
	ProjectSection(ProjectDependencies) = postProject
		{B26E24E9-C1ED-437E-859D-59C8435D5685} = {B26E24E9-C1ED-437E-859D-59C8435D5685}
	EndProjectSection
EndProject
Global
	GlobalSection(SolutionConfigurationPlatforms) = preSolution
		Debug|Win32 = Debug|Win32
		DebugMT|Win32 = DebugMT|Win32
		DebugS|Win32 = DebugS|Win32
		DebugSMT|Win32 = DebugSMT|Win32
		DebugStatic|Win32 = DebugStatic|Win32
		DebugStaticMT|Win32 = DebugStaticMT|Win32
		Release|Win32 = Release|Win32
		ReleaseMT|Win32 = ReleaseMT|Win32
		ReleaseS|Win32 = ReleaseS|Win32
		ReleaseSMT|Win32 = ReleaseSMT|Win32
		ReleaseStatic|Win32 = ReleaseStatic|Win32
		ReleaseStaticMT|Win32 = ReleaseStaticMT|Win32
	EndGlobalSection
	GlobalSection(ProjectConfigurationPlatforms) = postSolution
		{B26E24E9-C1ED-437E-859D-59C8435D5685}.Debug|Win32.ActiveCfg = Debug|Win32
		{B26E24E9-C1ED-437E-859D-59C8435D5685}.Debug|Win32.Build.0 = Debug|Win32
		{B26E24E9-C1ED-437E-859D-59C8435D5685}.DebugMT|Win32.ActiveCfg = DebugMT|Win32
		{B26E24E9-C1ED-437E-859D-59C8435D5685}.DebugMT|Win32.Build.0 = DebugMT|Win32
		{B26E24E9-C1ED-437E-859D-59C8435D5685}.DebugS|Win32.ActiveCfg = DebugS|Win32
		{B26E24E9-C1ED-437E-859D-59C8435D5685}.DebugS|Win32.Build.0 = DebugS|Win32
		{B26E24E9-C1ED-437E-859D-59C8435D5685}.DebugSMT|Win32.ActiveCfg = DebugSMT|Win32
		{B26E24E9-C1ED-437E-859D-59C8435D5685}.DebugSMT|Win32.Build.0 = DebugSMT|Win32
		{B26E24E9-C1ED-437E-859D-59C8435D5685}.DebugStatic|Win32.ActiveCfg = DebugSMT|Win32
		{B26E24E9-C1ED-437E-859D-59C8435D5685}.DebugStatic|Win32.Build.0 = DebugSMT|Win32
		{B26E24E9-C1ED-437E-859D-59C8435D5685}.DebugStaticMT|Win32.ActiveCfg = DebugSMT|Win32
		{B26E24E9-C1ED-437E-859D-59C8435D5685}.DebugStaticMT|Win32.Build.0 = DebugSMT|Win32
		{B26E24E9-C1ED-437E-859D-59C8435D5685}.Release|Win32.ActiveCfg = Release|Win32
		{B26E24E9-C1ED-437E-859D-59C8435D5685}.Release|Win32.Build.0 = Release|Win32
		{B26E24E9-C1ED-437E-859D-59C8435D5685}.ReleaseMT|Win32.ActiveCfg = ReleaseMT|Win32
		{B26E24E9-C1ED-437E-859D-59C8435D5685}.ReleaseMT|Win32.Build.0 = ReleaseMT|Win32
		{B26E24E9-C1ED-437E-859D-59C8435D5685}.ReleaseS|Win32.ActiveCfg = ReleaseS|Win32
		{B26E24E9-C1ED-437E-859D-59C8435D5685}.ReleaseS|Win32.Build.0 = ReleaseS|Win32
		{B26E24E9-C1ED-437E-859D-59C8435D5685}.ReleaseSMT|Win32.ActiveCfg = ReleaseSMT|Win32
		{B26E24E9-C1ED-437E-859D-59C8435D5685}.ReleaseSMT|Win32.Build.0 = ReleaseSMT|Win32
		{B26E24E9-C1ED-437E-859D-59C8435D5685}.ReleaseStatic|Win32.ActiveCfg = ReleaseSMT|Win32
		{B26E24E9-C1ED-437E-859D-59C8435D5685}.ReleaseStatic|Win32.Build.0 = ReleaseSMT|Win32
		{B26E24E9-C1ED-437E-859D-59C8435D5685}.ReleaseStaticMT|Win32.ActiveCfg = ReleaseSMT|Win32
		{B26E24E9-C1ED-437E-859D-59C8435D5685}.ReleaseStaticMT|Win32.Build.0 = ReleaseSMT|Win32
		{1DC20B58-ED98-4E0A-9F26-F63E4204DEA5}.Debug|Win32.ActiveCfg = Debug|Win32
		{1DC20B58-ED98-4E0A-9F26-F63E4204DEA5}.Debug|Win32.Build.0 = Debug|Win32
		{1DC20B58-ED98-4E0A-9F26-F63E4204DEA5}.DebugMT|Win32.ActiveCfg = DebugMT|Win32
		{1DC20B58-ED98-4E0A-9F26-F63E4204DEA5}.DebugMT|Win32.Build.0 = DebugMT|Win32
		{1DC20B58-ED98-4E0A-9F26-F63E4204DEA5}.DebugS|Win32.ActiveCfg = DebugStaticMT|Win32
		{1DC20B58-ED98-4E0A-9F26-F63E4204DEA5}.DebugS|Win32.Build.0 = DebugStaticMT|Win32
		{1DC20B58-ED98-4E0A-9F26-F63E4204DEA5}.DebugSMT|Win32.ActiveCfg = DebugStaticMT|Win32
		{1DC20B58-ED98-4E0A-9F26-F63E4204DEA5}.DebugSMT|Win32.Build.0 = DebugStaticMT|Win32
		{1DC20B58-ED98-4E0A-9F26-F63E4204DEA5}.DebugStatic|Win32.ActiveCfg = DebugStatic|Win32
		{1DC20B58-ED98-4E0A-9F26-F63E4204DEA5}.DebugStatic|Win32.Build.0 = DebugStatic|Win32
		{1DC20B58-ED98-4E0A-9F26-F63E4204DEA5}.DebugStaticMT|Win32.ActiveCfg = DebugStaticMT|Win32
		{1DC20B58-ED98-4E0A-9F26-F63E4204DEA5}.DebugStaticMT|Win32.Build.0 = DebugStaticMT|Win32
		{1DC20B58-ED98-4E0A-9F26-F63E4204DEA5}.Release|Win32.ActiveCfg = Release|Win32
		{1DC20B58-ED98-4E0A-9F26-F63E4204DEA5}.Release|Win32.Build.0 = Release|Win32
		{1DC20B58-ED98-4E0A-9F26-F63E4204DEA5}.ReleaseMT|Win32.ActiveCfg = ReleaseMT|Win32
		{1DC20B58-ED98-4E0A-9F26-F63E4204DEA5}.ReleaseMT|Win32.Build.0 = ReleaseMT|Win32
		{1DC20B58-ED98-4E0A-9F26-F63E4204DEA5}.ReleaseS|Win32.ActiveCfg = ReleaseStaticMT|Win32
		{1DC20B58-ED98-4E0A-9F26-F63E4204DEA5}.ReleaseS|Win32.Build.0 = ReleaseStaticMT|Win32
		{1DC20B58-ED98-4E0A-9F26-F63E4204DEA5}.ReleaseSMT|Win32.ActiveCfg = ReleaseStaticMT|Win32
		{1DC20B58-ED98-4E0A-9F26-F63E4204DEA5}.ReleaseSMT|Win32.Build.0 = ReleaseStaticMT|Win32
		{1DC20B58-ED98-4E0A-9F26-F63E4204DEA5}.ReleaseStatic|Win32.ActiveCfg = ReleaseStatic|Win32
		{1DC20B58-ED98-4E0A-9F26-F63E4204DEA5}.ReleaseStatic|Win32.Build.0 = ReleaseStatic|Win32
		{1DC20B58-ED98-4E0A-9F26-F63E4204DEA5}.ReleaseStaticMT|Win32.ActiveCfg = ReleaseStaticMT|Win32
		{1DC20B58-ED98-4E0A-9F26-F63E4204DEA5}.ReleaseStaticMT|Win32.Build.0 = ReleaseStaticMT|Win32
		{7413D76B-1EA8-484B-B62B-6C353D452420}.Debug|Win32.ActiveCfg = Debug|Win32
		{7413D76B-1EA8-484B-B62B-6C353D452420}.Debug|Win32.Build.0 = Debug|Win32
		{7413D76B-1EA8-484B-B62B-6C353D452420}.DebugMT|Win32.ActiveCfg = DebugMT|Win32
		{7413D76B-1EA8-484B-B62B-6C353D452420}.DebugMT|Win32.Build.0 = DebugMT|Win32
		{7413D76B-1EA8-484B-B62B-6C353D452420}.DebugS|Win32.ActiveCfg = DebugS|Win32
		{7413D76B-1EA8-484B-B62B-6C353D452420}.DebugS|Win32.Build.0 = DebugS|Win32
		{7413D76B-1EA8-484B-B62B-6C353D452420}.DebugSMT|Win32.ActiveCfg = DebugSMT|Win32
		{7413D76B-1EA8-484B-B62B-6C353D452420}.DebugSMT|Win32.Build.0 = DebugSMT|Win32
		{7413D76B-1EA8-484B-B62B-6C353D452420}.DebugStatic|Win32.ActiveCfg = DebugSMT|Win32
		{7413D76B-1EA8-484B-B62B-6C353D452420}.DebugStatic|Win32.Build.0 = DebugSMT|Win32
		{7413D76B-1EA8-484B-B62B-6C353D452420}.DebugStaticMT|Win32.ActiveCfg = DebugSMT|Win32
		{7413D76B-1EA8-484B-B62B-6C353D452420}.DebugStaticMT|Win32.Build.0 = DebugSMT|Win32
		{7413D76B-1EA8-484B-B62B-6C353D452420}.Release|Win32.ActiveCfg = Release|Win32
		{7413D76B-1EA8-484B-B62B-6C353D452420}.Release|Win32.Build.0 = Release|Win32
		{7413D76B-1EA8-484B-B62B-6C353D452420}.ReleaseMT|Win32.ActiveCfg = ReleaseMT|Win32
		{7413D76B-1EA8-484B-B62B-6C353D452420}.ReleaseMT|Win32.Build.0 = ReleaseMT|Win32
		{7413D76B-1EA8-484B-B62B-6C353D452420}.ReleaseS|Win32.ActiveCfg = ReleaseS|Win32
		{7413D76B-1EA8-484B-B62B-6C353D452420}.ReleaseS|Win32.Build.0 = ReleaseS|Win32
		{7413D76B-1EA8-484B-B62B-6C353D452420}.ReleaseSMT|Win32.ActiveCfg = ReleaseSMT|Win32
		{7413D76B-1EA8-484B-B62B-6C353D452420}.ReleaseSMT|Win32.Build.0 = ReleaseSMT|Win32
		{7413D76B-1EA8-484B-B62B-6C353D452420}.ReleaseStatic|Win32.ActiveCfg = ReleaseSMT|Win32
		{7413D76B-1EA8-484B-B62B-6C353D452420}.ReleaseStatic|Win32.Build.0 = ReleaseSMT|Win32
		{7413D76B-1EA8-484B-B62B-6C353D452420}.ReleaseStaticMT|Win32.ActiveCfg = ReleaseSMT|Win32
		{7413D76B-1EA8-484B-B62B-6C353D452420}.ReleaseStaticMT|Win32.Build.0 = ReleaseSMT|Win32
		{11038C0C-A2C6-43CA-AA9E-7D5213D9F444}.Debug|Win32.ActiveCfg = Debug|Win32
		{11038C0C-A2C6-43CA-AA9E-7D5213D9F444}.Debug|Win32.Build.0 = Debug|Win32
		{11038C0C-A2C6-43CA-AA9E-7D5213D9F444}.DebugMT|Win32.ActiveCfg = DebugMT|Win32
		{11038C0C-A2C6-43CA-AA9E-7D5213D9F444}.DebugMT|Win32.Build.0 = DebugMT|Win32
		{11038C0C-A2C6-43CA-AA9E-7D5213D9F444}.DebugS|Win32.ActiveCfg = DebugS|Win32
		{11038C0C-A2C6-43CA-AA9E-7D5213D9F444}.DebugS|Win32.Build.0 = DebugS|Win32
		{11038C0C-A2C6-43CA-AA9E-7D5213D9F444}.DebugSMT|Win32.ActiveCfg = DebugSMT|Win32
		{11038C0C-A2C6-43CA-AA9E-7D5213D9F444}.DebugSMT|Win32.Build.0 = DebugSMT|Win32
		{11038C0C-A2C6-43CA-AA9E-7D5213D9F444}.DebugStatic|Win32.ActiveCfg = DebugSMT|Win32
		{11038C0C-A2C6-43CA-AA9E-7D5213D9F444}.DebugStatic|Win32.Build.0 = DebugSMT|Win32
		{11038C0C-A2C6-43CA-AA9E-7D5213D9F444}.DebugStaticMT|Win32.ActiveCfg = DebugSMT|Win32
		{11038C0C-A2C6-43CA-AA9E-7D5213D9F444}.DebugStaticMT|Win32.Build.0 = DebugSMT|Win32
		{11038C0C-A2C6-43CA-AA9E-7D5213D9F444}.Release|Win32.ActiveCfg = Release|Win32
		{11038C0C-A2C6-43CA-AA9E-7D5213D9F444}.Release|Win32.Build.0 = Release|Win32
		{11038C0C-A2C6-43CA-AA9E-7D5213D9F444}.ReleaseMT|Win32.ActiveCfg = ReleaseMT|Win32
		{11038C0C-A2C6-43CA-AA9E-7D5213D9F444}.ReleaseMT|Win32.Build.0 = ReleaseMT|Win32
		{11038C0C-A2C6-43CA-AA9E-7D5213D9F444}.ReleaseS|Win32.ActiveCfg = ReleaseS|Win32
		{11038C0C-A2C6-43CA-AA9E-7D5213D9F444}.ReleaseS|Win32.Build.0 = ReleaseS|Win32
		{11038C0C-A2C6-43CA-AA9E-7D5213D9F444}.ReleaseSMT|Win32.ActiveCfg = ReleaseSMT|Win32
		{11038C0C-A2C6-43CA-AA9E-7D5213D9F444}.ReleaseSMT|Win32.Build.0 = ReleaseSMT|Win32
		{11038C0C-A2C6-43CA-AA9E-7D5213D9F444}.ReleaseStatic|Win32.ActiveCfg = ReleaseSMT|Win32
		{11038C0C-A2C6-43CA-AA9E-7D5213D9F444}.ReleaseStatic|Win32.Build.0 = ReleaseSMT|Win32
		{11038C0C-A2C6-43CA-AA9E-7D5213D9F444}.ReleaseStaticMT|Win32.ActiveCfg = ReleaseSMT|Win32
		{11038C0C-A2C6-43CA-AA9E-7D5213D9F444}.ReleaseStaticMT|Win32.Build.0 = ReleaseSMT|Win32
		{0C634611-1AF1-4CCD-978D-CD593030CC88}.Debug|Win32.ActiveCfg = Debug|Win32
		{0C634611-1AF1-4CCD-978D-CD593030CC88}.Debug|Win32.Build.0 = Debug|Win32
		{0C634611-1AF1-4CCD-978D-CD593030CC88}.DebugMT|Win32.ActiveCfg = DebugMT|Win32
		{0C634611-1AF1-4CCD-978D-CD593030CC88}.DebugMT|Win32.Build.0 = DebugMT|Win32
		{0C634611-1AF1-4CCD-978D-CD593030CC88}.DebugS|Win32.ActiveCfg = DebugS|Win32
		{0C634611-1AF1-4CCD-978D-CD593030CC88}.DebugS|Win32.Build.0 = DebugS|Win32
		{0C634611-1AF1-4CCD-978D-CD593030CC88}.DebugSMT|Win32.ActiveCfg = DebugSMT|Win32
		{0C634611-1AF1-4CCD-978D-CD593030CC88}.DebugSMT|Win32.Build.0 = DebugSMT|Win32
		{0C634611-1AF1-4CCD-978D-CD593030CC88}.DebugStatic|Win32.ActiveCfg = DebugSMT|Win32
		{0C634611-1AF1-4CCD-978D-CD593030CC88}.DebugStatic|Win32.Build.0 = DebugSMT|Win32
		{0C634611-1AF1-4CCD-978D-CD593030CC88}.DebugStaticMT|Win32.ActiveCfg = DebugSMT|Win32
		{0C634611-1AF1-4CCD-978D-CD593030CC88}.DebugStaticMT|Win32.Build.0 = DebugSMT|Win32
		{0C634611-1AF1-4CCD-978D-CD593030CC88}.Release|Win32.ActiveCfg = Release|Win32
		{0C634611-1AF1-4CCD-978D-CD593030CC88}.Release|Win32.Build.0 = Release|Win32
		{0C634611-1AF1-4CCD-978D-CD593030CC88}.ReleaseMT|Win32.ActiveCfg = ReleaseMT|Win32
		{0C634611-1AF1-4CCD-978D-CD593030CC88}.ReleaseMT|Win32.Build.0 = ReleaseMT|Win32
		{0C634611-1AF1-4CCD-978D-CD593030CC88}.ReleaseS|Win32.ActiveCfg = ReleaseS|Win32
		{0C634611-1AF1-4CCD-978D-CD593030CC88}.ReleaseS|Win32.Build.0 = ReleaseS|Win32
		{0C634611-1AF1-4CCD-978D-CD593030CC88}.ReleaseSMT|Win32.ActiveCfg = ReleaseSMT|Win32
		{0C634611-1AF1-4CCD-978D-CD593030CC88}.ReleaseSMT|Win32.Build.0 = ReleaseSMT|Win32
		{0C634611-1AF1-4CCD-978D-CD593030CC88}.ReleaseStatic|Win32.ActiveCfg = ReleaseSMT|Win32
		{0C634611-1AF1-4CCD-978D-CD593030CC88}.ReleaseStatic|Win32.Build.0 = ReleaseSMT|Win32
		{0C634611-1AF1-4CCD-978D-CD593030CC88}.ReleaseStaticMT|Win32.ActiveCfg = ReleaseSMT|Win32
		{0C634611-1AF1-4CCD-978D-CD593030CC88}.ReleaseStaticMT|Win32.Build.0 = ReleaseSMT|Win32
		{0527FAB4-FA87-4E8E-AB5D-9A8C00661708}.Debug|Win32.ActiveCfg = Debug|Win32
		{0527FAB4-FA87-4E8E-AB5D-9A8C00661708}.Debug|Win32.Build.0 = Debug|Win32
		{0527FAB4-FA87-4E8E-AB5D-9A8C00661708}.DebugMT|Win32.ActiveCfg = DebugMT|Win32
		{0527FAB4-FA87-4E8E-AB5D-9A8C00661708}.DebugMT|Win32.Build.0 = DebugMT|Win32
		{0527FAB4-FA87-4E8E-AB5D-9A8C00661708}.DebugS|Win32.ActiveCfg = DebugStatic|Win32
		{0527FAB4-FA87-4E8E-AB5D-9A8C00661708}.DebugS|Win32.Build.0 = DebugStatic|Win32
		{0527FAB4-FA87-4E8E-AB5D-9A8C00661708}.DebugSMT|Win32.ActiveCfg = DebugStatic|Win32
		{0527FAB4-FA87-4E8E-AB5D-9A8C00661708}.DebugSMT|Win32.Build.0 = DebugStatic|Win32
		{0527FAB4-FA87-4E8E-AB5D-9A8C00661708}.DebugStatic|Win32.ActiveCfg = DebugStatic|Win32
		{0527FAB4-FA87-4E8E-AB5D-9A8C00661708}.DebugStatic|Win32.Build.0 = DebugStatic|Win32
		{0527FAB4-FA87-4E8E-AB5D-9A8C00661708}.DebugStaticMT|Win32.ActiveCfg = DebugStaticMT|Win32
		{0527FAB4-FA87-4E8E-AB5D-9A8C00661708}.DebugStaticMT|Win32.Build.0 = DebugStaticMT|Win32
		{0527FAB4-FA87-4E8E-AB5D-9A8C00661708}.Release|Win32.ActiveCfg = Release|Win32
		{0527FAB4-FA87-4E8E-AB5D-9A8C00661708}.Release|Win32.Build.0 = Release|Win32
		{0527FAB4-FA87-4E8E-AB5D-9A8C00661708}.ReleaseMT|Win32.ActiveCfg = ReleaseMT|Win32
		{0527FAB4-FA87-4E8E-AB5D-9A8C00661708}.ReleaseMT|Win32.Build.0 = ReleaseMT|Win32
		{0527FAB4-FA87-4E8E-AB5D-9A8C00661708}.ReleaseS|Win32.ActiveCfg = ReleaseStaticMT|Win32
		{0527FAB4-FA87-4E8E-AB5D-9A8C00661708}.ReleaseS|Win32.Build.0 = ReleaseStaticMT|Win32
		{0527FAB4-FA87-4E8E-AB5D-9A8C00661708}.ReleaseSMT|Win32.ActiveCfg = ReleaseStaticMT|Win32
		{0527FAB4-FA87-4E8E-AB5D-9A8C00661708}.ReleaseSMT|Win32.Build.0 = ReleaseStaticMT|Win32
		{0527FAB4-FA87-4E8E-AB5D-9A8C00661708}.ReleaseStatic|Win32.ActiveCfg = ReleaseStatic|Win32
		{0527FAB4-FA87-4E8E-AB5D-9A8C00661708}.ReleaseStatic|Win32.Build.0 = ReleaseStatic|Win32
		{0527FAB4-FA87-4E8E-AB5D-9A8C00661708}.ReleaseStaticMT|Win32.ActiveCfg = ReleaseStaticMT|Win32
		{0527FAB4-FA87-4E8E-AB5D-9A8C00661708}.ReleaseStaticMT|Win32.Build.0 = ReleaseStaticMT|Win32
	EndGlobalSection
	GlobalSection(SolutionProperties) = preSolution
		HideSolutionNode = FALSE
	EndGlobalSection
EndGlobal
