<?xml version="1.0" encoding="utf-8"?>
<Project ToolsVersion="4.0" xmlns="http://schemas.microsoft.com/developer/msbuild/2003">
  <ItemGroup>
    <Filter Include="src">
      <UniqueIdentifier>{af7bd19c-e37c-4305-a081-36e096f4ebff}</UniqueIdentifier>
    </Filter>
    <Filter Include="src\autofit">
      <UniqueIdentifier>{60881af1-6955-424b-9fd8-d10828fb6a1d}</UniqueIdentifier>
    </Filter>
    <Filter Include="src\bdf">
      <UniqueIdentifier>{92dfee0e-0672-4d25-85a4-3226aba36a34}</UniqueIdentifier>
    </Filter>
    <Filter Include="src\cff">
      <UniqueIdentifier>{f28ae7b0-1730-41d1-b34c-6eece5fa769c}</UniqueIdentifier>
    </Filter>
    <Filter Include="src\base">
      <UniqueIdentifier>{2fcbda6b-c2aa-4256-a242-69c29ed0f8e9}</UniqueIdentifier>
    </Filter>
    <Filter Include="src\bzip2">
      <UniqueIdentifier>{3bb14a93-2295-481e-aab2-07bb66823fc1}</UniqueIdentifier>
    </Filter>
    <Filter Include="src\cache">
      <UniqueIdentifier>{6e8de96f-8181-4c69-880c-73cb864292e8}</UniqueIdentifier>
    </Filter>
    <Filter Include="src\gzip">
      <UniqueIdentifier>{b988f570-1718-482c-a26c-e1ba11f1111c}</UniqueIdentifier>
    </Filter>
    <Filter Include="src\lzw">
      <UniqueIdentifier>{b8d41ca5-4b78-4fbe-b6aa-c8a5ec7766e5}</UniqueIdentifier>
    </Filter>
    <Filter Include="src\pcf">
      <UniqueIdentifier>{d37d45a2-fa3a-4db5-81f8-ae8ab01bce9c}</UniqueIdentifier>
    </Filter>
    <Filter Include="src\pfr">
      <UniqueIdentifier>{98136ca4-8bef-4416-94a2-b350e6a6528f}</UniqueIdentifier>
    </Filter>
    <Filter Include="src\psaux">
      <UniqueIdentifier>{953b56b1-49ea-418b-8031-cfa3dddb30cc}</UniqueIdentifier>
    </Filter>
    <Filter Include="src\pshinter">
      <UniqueIdentifier>{17c88c90-80ad-4a91-8244-437620916172}</UniqueIdentifier>
    </Filter>
    <Filter Include="src\psnames">
      <UniqueIdentifier>{4bb4dae2-7edb-4aef-b4eb-56d14c795992}</UniqueIdentifier>
    </Filter>
    <Filter Include="src\raster">
      <UniqueIdentifier>{5eb1dd4a-72ad-4d44-96ba-ef936debe19a}</UniqueIdentifier>
    </Filter>
    <Filter Include="src\sdf">
      <UniqueIdentifier>{d24c0b63-3fa9-42f8-b871-cb7616be8fef}</UniqueIdentifier>
    </Filter>
    <Filter Include="src\sfnt">
      <UniqueIdentifier>{c6fb8dea-7818-4c32-b83d-ee4e034c8b45}</UniqueIdentifier>
    </Filter>
    <Filter Include="src\smooth">
      <UniqueIdentifier>{2cd6b8e5-a3c0-476e-8898-4a98a60dee3d}</UniqueIdentifier>
    </Filter>
    <Filter Include="src\truetype">
      <UniqueIdentifier>{71ad5098-536c-418f-b785-233e2e58c0a7}</UniqueIdentifier>
    </Filter>
    <Filter Include="src\type1">
      <UniqueIdentifier>{55654d74-58f2-4222-8c49-2a0907c9dc5e}</UniqueIdentifier>
    </Filter>
    <Filter Include="src\cid">
      <UniqueIdentifier>{f79eb611-5231-4465-a4bd-1544ad6ee329}</UniqueIdentifier>
    </Filter>
    <Filter Include="src\type42">
      <UniqueIdentifier>{4877cae0-1323-4d01-97dc-60530eaf17b4}</UniqueIdentifier>
    </Filter>
    <Filter Include="src\winfonts">
      <UniqueIdentifier>{3ebca8ab-9a4f-4541-af62-c97d2011178a}</UniqueIdentifier>
    </Filter>
    <Filter Include="src\config">
      <UniqueIdentifier>{a226968f-d014-4cdd-9e70-3a87a8895daf}</UniqueIdentifier>
    </Filter>
  </ItemGroup>
  <ItemGroup>
    <ClCompile Include="src\src\autofit\autofit.c">
      <Filter>src\autofit</Filter>
    </ClCompile>
    <ClCompile Include="src\src\bdf\bdf.c">
      <Filter>src\bdf</Filter>
    </ClCompile>
    <ClCompile Include="src\src\cff\cff.c">
      <Filter>src\cff</Filter>
    </ClCompile>
    <ClCompile Include="src\src\base\ftbbox.c">
      <Filter>src\base</Filter>
    </ClCompile>
    <ClCompile Include="src\src\base\ftbdf.c">
      <Filter>src\base</Filter>
    </ClCompile>
    <ClCompile Include="src\src\base\ftbitmap.c">
      <Filter>src\base</Filter>
    </ClCompile>
    <ClCompile Include="src\src\base\ftbase.c">
      <Filter>src\base</Filter>
    </ClCompile>
    <ClCompile Include="src\src\bzip2\ftbzip2.c">
      <Filter>src\bzip2</Filter>
    </ClCompile>
    <ClCompile Include="src\src\cache\ftcache.c">
      <Filter>src\cache</Filter>
    </ClCompile>
    <ClCompile Include="src\src\base\ftcid.c">
      <Filter>src\base</Filter>
    </ClCompile>
    <ClCompile Include="src\src\base\ftdebug.c">
      <Filter>src\base</Filter>
    </ClCompile>
    <ClCompile Include="src\src\base\ftfstype.c">
      <Filter>src\base</Filter>
    </ClCompile>
    <ClCompile Include="src\src\base\ftgasp.c">
      <Filter>src\base</Filter>
    </ClCompile>
    <ClCompile Include="src\src\base\ftglyph.c">
      <Filter>src\base</Filter>
    </ClCompile>
    <ClCompile Include="src\src\base\ftgxval.c">
      <Filter>src\base</Filter>
    </ClCompile>
    <ClCompile Include="src\src\gzip\ftgzip.c">
      <Filter>src\gzip</Filter>
    </ClCompile>
    <ClCompile Include="src\src\base\ftinit.c">
      <Filter>src\base</Filter>
    </ClCompile>
    <ClCompile Include="src\src\lzw\ftlzw.c">
      <Filter>src\lzw</Filter>
    </ClCompile>
    <ClCompile Include="src\src\base\ftmm.c">
      <Filter>src\base</Filter>
    </ClCompile>
    <ClCompile Include="src\src\base\ftotval.c">
      <Filter>src\base</Filter>
    </ClCompile>
    <ClCompile Include="src\src\base\ftpatent.c">
      <Filter>src\base</Filter>
    </ClCompile>
    <ClCompile Include="src\src\base\ftpfr.c">
      <Filter>src\base</Filter>
    </ClCompile>
    <ClCompile Include="src\src\base\ftstroke.c">
      <Filter>src\base</Filter>
    </ClCompile>
    <ClCompile Include="src\src\base\ftsynth.c">
      <Filter>src\base</Filter>
    </ClCompile>
    <ClCompile Include="src\src\base\ftsystem.c">
      <Filter>src\base</Filter>
    </ClCompile>
    <ClCompile Include="src\src\base\fttype1.c">
      <Filter>src\base</Filter>
    </ClCompile>
    <ClCompile Include="src\src\base\ftwinfnt.c">
      <Filter>src\base</Filter>
    </ClCompile>
    <ClCompile Include="src\src\pcf\pcf.c">
      <Filter>src\pcf</Filter>
    </ClCompile>
    <ClCompile Include="src\src\pfr\pfr.c">
      <Filter>src\pfr</Filter>
    </ClCompile>
    <ClCompile Include="src\src\psaux\psaux.c">
      <Filter>src\psaux</Filter>
    </ClCompile>
    <ClCompile Include="src\src\pshinter\pshinter.c">
      <Filter>src\pshinter</Filter>
    </ClCompile>
    <ClCompile Include="src\src\psnames\psnames.c">
      <Filter>src\psnames</Filter>
    </ClCompile>
    <ClCompile Include="src\src\raster\raster.c">
      <Filter>src\raster</Filter>
    </ClCompile>
    <ClCompile Include="src\src\sdf\sdf.c">
      <Filter>src\sdf</Filter>
    </ClCompile>
    <ClCompile Include="src\src\sfnt\sfnt.c">
      <Filter>src\sfnt</Filter>
    </ClCompile>
    <ClCompile Include="src\src\smooth\smooth.c">
      <Filter>src\smooth</Filter>
    </ClCompile>
    <ClCompile Include="src\src\truetype\truetype.c">
      <Filter>src\truetype</Filter>
    </ClCompile>
    <ClCompile Include="src\src\type1\type1.c">
      <Filter>src\type1</Filter>
    </ClCompile>
    <ClCompile Include="src\src\cid\type1cid.c">
      <Filter>src\cid</Filter>
    </ClCompile>
    <ClCompile Include="src\src\type42\type42.c">
      <Filter>src\type42</Filter>
    </ClCompile>
    <ClCompile Include="src\src\winfonts\winfnt.c">
      <Filter>src\winfonts</Filter>
    </ClCompile>
  </ItemGroup>
  <ItemGroup>
    <ClInclude Include="src\include\freetype\config\ftconfig.h">
      <Filter>src\config</Filter>
    </ClInclude>
    <ClInclude Include="src\include\freetype\config\ftoption.h">
      <Filter>src\config</Filter>
    </ClInclude>
  </ItemGroup>
</Project>