<?xml version="1.0" encoding="utf-8"?>
<Project ToolsVersion="4.0" xmlns="http://schemas.microsoft.com/developer/msbuild/2003">
  <ItemGroup>
    <Filter Include="src">
      <UniqueIdentifier>{d9a9a399-975c-4a76-a108-f81221be7b06}</UniqueIdentifier>
    </Filter>
    <Filter Include="src\modules">
      <UniqueIdentifier>{a58abd4e-e304-4e2d-9e13-37ff7eabe055}</UniqueIdentifier>
    </Filter>
    <Filter Include="src\modules\imgproc">
      <UniqueIdentifier>{7b26237d-221d-4a24-be46-193907027c68}</UniqueIdentifier>
    </Filter>
    <Filter Include="src\modules\imgproc\src">
      <UniqueIdentifier>{f2cfc5ca-fa10-49fa-b33f-a25644648ba8}</UniqueIdentifier>
    </Filter>
    <Filter Include="src\modules\imgproc\src\header">
      <UniqueIdentifier>{a17116c9-61d5-4ab7-9008-eda2c1401e39}</UniqueIdentifier>
    </Filter>
    <Filter Include="src\modules\imgproc\header">
      <UniqueIdentifier>{5b75af81-1deb-4c0e-9d55-eec1e5e45b6f}</UniqueIdentifier>
    </Filter>
    <Filter Include="src\modules\imgproc\src\opencl">
      <UniqueIdentifier>{f1f647c9-b3ac-487f-9c94-e73eeca0cf08}</UniqueIdentifier>
    </Filter>
    <Filter Include="src\modules\imgproc\simd">
      <UniqueIdentifier>{f40e0b27-4320-438a-8e84-00985ae2c958}</UniqueIdentifier>
    </Filter>
    <Filter Include="src\modules\imgproc\src\simd">
      <UniqueIdentifier>{3728984c-cf3a-4f79-8a2b-40e3a83059b5}</UniqueIdentifier>
    </Filter>
  </ItemGroup>
  <ItemGroup>
    <ClCompile Include="src\modules\imgproc\opencl_kernels_imgproc.cpp">
      <Filter>src\modules\imgproc</Filter>
    </ClCompile>
    <ClCompile Include="src\modules\imgproc\opencv_imgproc_pch.cpp">
      <Filter>src\modules\imgproc</Filter>
    </ClCompile>
    <ClCompile Include="src\modules\imgproc\src\morph.dispatch.cpp">
      <Filter>src\modules\imgproc\src</Filter>
    </ClCompile>
    <ClCompile Include="src\modules\imgproc\src\phasecorr.cpp">
      <Filter>src\modules\imgproc\src</Filter>
    </ClCompile>
    <ClCompile Include="src\modules\imgproc\src\pyramids.cpp">
      <Filter>src\modules\imgproc\src</Filter>
    </ClCompile>
    <ClCompile Include="src\modules\imgproc\src\resize.cpp">
      <Filter>src\modules\imgproc\src</Filter>
    </ClCompile>
    <ClCompile Include="src\modules\imgproc\src\rotcalipers.cpp">
      <Filter>src\modules\imgproc\src</Filter>
    </ClCompile>
    <ClCompile Include="src\modules\imgproc\src\samplers.cpp">
      <Filter>src\modules\imgproc\src</Filter>
    </ClCompile>
    <ClCompile Include="src\modules\imgproc\src\segmentation.cpp">
      <Filter>src\modules\imgproc\src</Filter>
    </ClCompile>
    <ClCompile Include="src\modules\imgproc\src\shapedescr.cpp">
      <Filter>src\modules\imgproc\src</Filter>
    </ClCompile>
    <ClCompile Include="src\modules\imgproc\src\smooth.dispatch.cpp">
      <Filter>src\modules\imgproc\src</Filter>
    </ClCompile>
    <ClCompile Include="src\modules\imgproc\src\spatialgradient.cpp">
      <Filter>src\modules\imgproc\src</Filter>
    </ClCompile>
    <ClCompile Include="src\modules\imgproc\src\subdivision2d.cpp">
      <Filter>src\modules\imgproc\src</Filter>
    </ClCompile>
    <ClCompile Include="src\modules\imgproc\src\sumpixels.dispatch.cpp">
      <Filter>src\modules\imgproc\src</Filter>
    </ClCompile>
    <ClCompile Include="src\modules\imgproc\src\tables.cpp">
      <Filter>src\modules\imgproc\src</Filter>
    </ClCompile>
    <ClCompile Include="src\modules\imgproc\src\templmatch.cpp">
      <Filter>src\modules\imgproc\src</Filter>
    </ClCompile>
    <ClCompile Include="src\modules\imgproc\src\thresh.cpp">
      <Filter>src\modules\imgproc\src</Filter>
    </ClCompile>
    <ClCompile Include="src\modules\imgproc\src\utils.cpp">
      <Filter>src\modules\imgproc\src</Filter>
    </ClCompile>
    <ClCompile Include="src\modules\imgproc\src\accum.cpp">
      <Filter>src\modules\imgproc\src</Filter>
    </ClCompile>
    <ClCompile Include="src\modules\imgproc\src\accum.dispatch.cpp">
      <Filter>src\modules\imgproc\src</Filter>
    </ClCompile>
    <ClCompile Include="src\modules\imgproc\src\approx.cpp">
      <Filter>src\modules\imgproc\src</Filter>
    </ClCompile>
    <ClCompile Include="src\modules\imgproc\src\bilateral_filter.dispatch.cpp">
      <Filter>src\modules\imgproc\src</Filter>
    </ClCompile>
    <ClCompile Include="src\modules\imgproc\src\blend.cpp">
      <Filter>src\modules\imgproc\src</Filter>
    </ClCompile>
    <ClCompile Include="src\modules\imgproc\src\box_filter.dispatch.cpp">
      <Filter>src\modules\imgproc\src</Filter>
    </ClCompile>
    <ClCompile Include="src\modules\imgproc\src\canny.cpp">
      <Filter>src\modules\imgproc\src</Filter>
    </ClCompile>
    <ClCompile Include="src\modules\imgproc\src\clahe.cpp">
      <Filter>src\modules\imgproc\src</Filter>
    </ClCompile>
    <ClCompile Include="src\modules\imgproc\src\color.cpp">
      <Filter>src\modules\imgproc\src</Filter>
    </ClCompile>
    <ClCompile Include="src\modules\imgproc\src\color_hsv.dispatch.cpp">
      <Filter>src\modules\imgproc\src</Filter>
    </ClCompile>
    <ClCompile Include="src\modules\imgproc\src\color_lab.cpp">
      <Filter>src\modules\imgproc\src</Filter>
    </ClCompile>
    <ClCompile Include="src\modules\imgproc\src\color_rgb.dispatch.cpp">
      <Filter>src\modules\imgproc\src</Filter>
    </ClCompile>
    <ClCompile Include="src\modules\imgproc\src\color_yuv.dispatch.cpp">
      <Filter>src\modules\imgproc\src</Filter>
    </ClCompile>
    <ClCompile Include="src\modules\imgproc\src\colormap.cpp">
      <Filter>src\modules\imgproc\src</Filter>
    </ClCompile>
    <ClCompile Include="src\modules\imgproc\src\connectedcomponents.cpp">
      <Filter>src\modules\imgproc\src</Filter>
    </ClCompile>
    <ClCompile Include="src\modules\imgproc\src\contours.cpp">
      <Filter>src\modules\imgproc\src</Filter>
    </ClCompile>
    <ClCompile Include="src\modules\imgproc\src\convhull.cpp">
      <Filter>src\modules\imgproc\src</Filter>
    </ClCompile>
    <ClCompile Include="src\modules\imgproc\src\corner.cpp">
      <Filter>src\modules\imgproc\src</Filter>
    </ClCompile>
    <ClCompile Include="src\modules\imgproc\src\cornersubpix.cpp">
      <Filter>src\modules\imgproc\src</Filter>
    </ClCompile>
    <ClCompile Include="src\modules\imgproc\src\demosaicing.cpp">
      <Filter>src\modules\imgproc\src</Filter>
    </ClCompile>
    <ClCompile Include="src\modules\imgproc\src\deriv.cpp">
      <Filter>src\modules\imgproc\src</Filter>
    </ClCompile>
    <ClCompile Include="src\modules\imgproc\src\distransform.cpp">
      <Filter>src\modules\imgproc\src</Filter>
    </ClCompile>
    <ClCompile Include="src\modules\imgproc\src\drawing.cpp">
      <Filter>src\modules\imgproc\src</Filter>
    </ClCompile>
    <ClCompile Include="src\modules\imgproc\src\emd.cpp">
      <Filter>src\modules\imgproc\src</Filter>
    </ClCompile>
    <ClCompile Include="src\modules\imgproc\src\featureselect.cpp">
      <Filter>src\modules\imgproc\src</Filter>
    </ClCompile>
    <ClCompile Include="src\modules\imgproc\src\filter.dispatch.cpp">
      <Filter>src\modules\imgproc\src</Filter>
    </ClCompile>
    <ClCompile Include="src\modules\imgproc\src\floodfill.cpp">
      <Filter>src\modules\imgproc\src</Filter>
    </ClCompile>
    <ClCompile Include="src\modules\imgproc\src\gabor.cpp">
      <Filter>src\modules\imgproc\src</Filter>
    </ClCompile>
    <ClCompile Include="src\modules\imgproc\src\generalized_hough.cpp">
      <Filter>src\modules\imgproc\src</Filter>
    </ClCompile>
    <ClCompile Include="src\modules\imgproc\src\geometry.cpp">
      <Filter>src\modules\imgproc\src</Filter>
    </ClCompile>
    <ClCompile Include="src\modules\imgproc\src\grabcut.cpp">
      <Filter>src\modules\imgproc\src</Filter>
    </ClCompile>
    <ClCompile Include="src\modules\imgproc\src\hershey_fonts.cpp">
      <Filter>src\modules\imgproc\src</Filter>
    </ClCompile>
    <ClCompile Include="src\modules\imgproc\src\histogram.cpp">
      <Filter>src\modules\imgproc\src</Filter>
    </ClCompile>
    <ClCompile Include="src\modules\imgproc\src\hough.cpp">
      <Filter>src\modules\imgproc\src</Filter>
    </ClCompile>
    <ClCompile Include="src\modules\imgproc\src\imgwarp.cpp">
      <Filter>src\modules\imgproc\src</Filter>
    </ClCompile>
    <ClCompile Include="src\modules\imgproc\src\intelligent_scissors.cpp">
      <Filter>src\modules\imgproc\src</Filter>
    </ClCompile>
    <ClCompile Include="src\modules\imgproc\src\intersection.cpp">
      <Filter>src\modules\imgproc\src</Filter>
    </ClCompile>
    <ClCompile Include="src\modules\imgproc\src\linefit.cpp">
      <Filter>src\modules\imgproc\src</Filter>
    </ClCompile>
    <ClCompile Include="src\modules\imgproc\src\lsd.cpp">
      <Filter>src\modules\imgproc\src</Filter>
    </ClCompile>
    <ClCompile Include="src\modules\imgproc\src\main.cpp">
      <Filter>src\modules\imgproc\src</Filter>
    </ClCompile>
    <ClCompile Include="src\modules\imgproc\src\matchcontours.cpp">
      <Filter>src\modules\imgproc\src</Filter>
    </ClCompile>
    <ClCompile Include="src\modules\imgproc\src\median_blur.dispatch.cpp">
      <Filter>src\modules\imgproc\src</Filter>
    </ClCompile>
    <ClCompile Include="src\modules\imgproc\src\min_enclosing_triangle.cpp">
      <Filter>src\modules\imgproc\src</Filter>
    </ClCompile>
    <ClCompile Include="src\modules\imgproc\src\moments.cpp">
      <Filter>src\modules\imgproc\src</Filter>
    </ClCompile>
    <ClCompile Include="src\modules\imgproc\accum.avx.cpp">
      <Filter>src\modules\imgproc\simd</Filter>
    </ClCompile>
    <ClCompile Include="src\modules\imgproc\accum.avx2.cpp">
      <Filter>src\modules\imgproc\simd</Filter>
    </ClCompile>
    <ClCompile Include="src\modules\imgproc\accum.sse4_1.cpp">
      <Filter>src\modules\imgproc\simd</Filter>
    </ClCompile>
    <ClCompile Include="src\modules\imgproc\bilateral_filter.avx2.cpp">
      <Filter>src\modules\imgproc\simd</Filter>
    </ClCompile>
    <ClCompile Include="src\modules\imgproc\box_filter.sse4_1.cpp">
      <Filter>src\modules\imgproc\simd</Filter>
    </ClCompile>
    <ClCompile Include="src\modules\imgproc\box_filter.avx2.cpp">
      <Filter>src\modules\imgproc\simd</Filter>
    </ClCompile>
    <ClCompile Include="src\modules\imgproc\color_hsv.avx2.cpp">
      <Filter>src\modules\imgproc\simd</Filter>
    </ClCompile>
    <ClCompile Include="src\modules\imgproc\color_hsv.sse4_1.cpp">
      <Filter>src\modules\imgproc\simd</Filter>
    </ClCompile>
    <ClCompile Include="src\modules\imgproc\color_rgb.avx2.cpp">
      <Filter>src\modules\imgproc\simd</Filter>
    </ClCompile>
    <ClCompile Include="src\modules\imgproc\color_rgb.sse4_1.cpp">
      <Filter>src\modules\imgproc\simd</Filter>
    </ClCompile>
    <ClCompile Include="src\modules\imgproc\color_yuv.avx2.cpp">
      <Filter>src\modules\imgproc\simd</Filter>
    </ClCompile>
    <ClCompile Include="src\modules\imgproc\color_yuv.sse4_1.cpp">
      <Filter>src\modules\imgproc\simd</Filter>
    </ClCompile>
    <ClCompile Include="src\modules\imgproc\filter.avx2.cpp">
      <Filter>src\modules\imgproc\simd</Filter>
    </ClCompile>
    <ClCompile Include="src\modules\imgproc\filter.sse4_1.cpp">
      <Filter>src\modules\imgproc\simd</Filter>
    </ClCompile>
    <ClCompile Include="src\modules\imgproc\median_blur.avx2.cpp">
      <Filter>src\modules\imgproc\simd</Filter>
    </ClCompile>
    <ClCompile Include="src\modules\imgproc\median_blur.sse4_1.cpp">
      <Filter>src\modules\imgproc\simd</Filter>
    </ClCompile>
    <ClCompile Include="src\modules\imgproc\morph.avx2.cpp">
      <Filter>src\modules\imgproc\simd</Filter>
    </ClCompile>
    <ClCompile Include="src\modules\imgproc\morph.sse4_1.cpp">
      <Filter>src\modules\imgproc\simd</Filter>
    </ClCompile>
    <ClCompile Include="src\modules\imgproc\smooth.avx2.cpp">
      <Filter>src\modules\imgproc\simd</Filter>
    </ClCompile>
    <ClCompile Include="src\modules\imgproc\smooth.sse4_1.cpp">
      <Filter>src\modules\imgproc\simd</Filter>
    </ClCompile>
    <ClCompile Include="src\modules\imgproc\sumpixels.avx2.cpp">
      <Filter>src\modules\imgproc\simd</Filter>
    </ClCompile>
    <ClCompile Include="src\modules\imgproc\sumpixels.avx512_skx.cpp">
      <Filter>src\modules\imgproc\simd</Filter>
    </ClCompile>
    <ClCompile Include="src\modules\imgproc\src\corner.avx.cpp">
      <Filter>src\modules\imgproc\src\simd</Filter>
    </ClCompile>
    <ClCompile Include="src\modules\imgproc\src\imgwarp.avx2.cpp">
      <Filter>src\modules\imgproc\src\simd</Filter>
    </ClCompile>
    <ClCompile Include="src\modules\imgproc\src\resize.avx2.cpp">
      <Filter>src\modules\imgproc\src\simd</Filter>
    </ClCompile>
    <ClCompile Include="src\modules\imgproc\src\resize.sse4_1.cpp">
      <Filter>src\modules\imgproc\src\simd</Filter>
    </ClCompile>
    <ClCompile Include="src\modules\imgproc\src\imgwarp.sse4_1.cpp">
      <Filter>src\modules\imgproc\src\simd</Filter>
    </ClCompile>
  </ItemGroup>
  <ItemGroup>
    <ClInclude Include="src\modules\imgproc\src\_geom.h">
      <Filter>src\modules\imgproc\src\header</Filter>
    </ClInclude>
    <ClInclude Include="src\modules\imgproc\src\accum.simd.hpp">
      <Filter>src\modules\imgproc\src\header</Filter>
    </ClInclude>
    <ClInclude Include="src\modules\imgproc\src\bilateral_filter.simd.hpp">
      <Filter>src\modules\imgproc\src\header</Filter>
    </ClInclude>
    <ClInclude Include="src\modules\imgproc\src\box_filter.simd.hpp">
      <Filter>src\modules\imgproc\src\header</Filter>
    </ClInclude>
    <ClInclude Include="src\modules\imgproc\src\ccl_bolelli_forest.inc.hpp">
      <Filter>src\modules\imgproc\src\header</Filter>
    </ClInclude>
    <ClInclude Include="src\modules\imgproc\src\ccl_bolelli_forest_firstline.inc.hpp">
      <Filter>src\modules\imgproc\src\header</Filter>
    </ClInclude>
    <ClInclude Include="src\modules\imgproc\src\ccl_bolelli_forest_lastline.inc.hpp">
      <Filter>src\modules\imgproc\src\header</Filter>
    </ClInclude>
    <ClInclude Include="src\modules\imgproc\src\ccl_bolelli_forest_singleline.inc.hpp">
      <Filter>src\modules\imgproc\src\header</Filter>
    </ClInclude>
    <ClInclude Include="src\modules\imgproc\src\color.hpp">
      <Filter>src\modules\imgproc\src\header</Filter>
    </ClInclude>
    <ClInclude Include="src\modules\imgproc\src\color.simd_helpers.hpp">
      <Filter>src\modules\imgproc\src\header</Filter>
    </ClInclude>
    <ClInclude Include="src\modules\imgproc\src\color_hsv.simd.hpp">
      <Filter>src\modules\imgproc\src\header</Filter>
    </ClInclude>
    <ClInclude Include="src\modules\imgproc\src\color_rgb.simd.hpp">
      <Filter>src\modules\imgproc\src\header</Filter>
    </ClInclude>
    <ClInclude Include="src\modules\imgproc\src\color_yuv.simd.hpp">
      <Filter>src\modules\imgproc\src\header</Filter>
    </ClInclude>
    <ClInclude Include="src\modules\imgproc\src\corner.hpp">
      <Filter>src\modules\imgproc\src\header</Filter>
    </ClInclude>
    <ClInclude Include="src\modules\imgproc\src\filter.hpp">
      <Filter>src\modules\imgproc\src\header</Filter>
    </ClInclude>
    <ClInclude Include="src\modules\imgproc\src\filter.simd.hpp">
      <Filter>src\modules\imgproc\src\header</Filter>
    </ClInclude>
    <ClInclude Include="src\modules\imgproc\src\filterengine.hpp">
      <Filter>src\modules\imgproc\src\header</Filter>
    </ClInclude>
    <ClInclude Include="src\modules\imgproc\src\fixedpoint.inl.hpp">
      <Filter>src\modules\imgproc\src\header</Filter>
    </ClInclude>
    <ClInclude Include="src\modules\imgproc\src\hal_replacement.hpp">
      <Filter>src\modules\imgproc\src\header</Filter>
    </ClInclude>
    <ClInclude Include="src\modules\imgproc\src\imgwarp.hpp">
      <Filter>src\modules\imgproc\src\header</Filter>
    </ClInclude>
    <ClInclude Include="src\modules\imgproc\src\median_blur.simd.hpp">
      <Filter>src\modules\imgproc\src\header</Filter>
    </ClInclude>
    <ClInclude Include="src\modules\imgproc\src\morph.simd.hpp">
      <Filter>src\modules\imgproc\src\header</Filter>
    </ClInclude>
    <ClInclude Include="src\modules\imgproc\src\precomp.hpp">
      <Filter>src\modules\imgproc\src\header</Filter>
    </ClInclude>
    <ClInclude Include="src\modules\imgproc\src\resize.hpp">
      <Filter>src\modules\imgproc\src\header</Filter>
    </ClInclude>
    <ClInclude Include="src\modules\imgproc\src\smooth.simd.hpp">
      <Filter>src\modules\imgproc\src\header</Filter>
    </ClInclude>
    <ClInclude Include="src\modules\imgproc\src\sumpixels.avx512_skx.hpp">
      <Filter>src\modules\imgproc\src\header</Filter>
    </ClInclude>
    <ClInclude Include="src\modules\imgproc\src\sumpixels.simd.hpp">
      <Filter>src\modules\imgproc\src\header</Filter>
    </ClInclude>
    <ClInclude Include="src\modules\imgproc\filter.simd_declarations.hpp">
      <Filter>src\modules\imgproc\header</Filter>
    </ClInclude>
    <ClInclude Include="src\modules\imgproc\median_blur.simd_declarations.hpp">
      <Filter>src\modules\imgproc\header</Filter>
    </ClInclude>
    <ClInclude Include="src\modules\imgproc\morph.simd_declarations.hpp">
      <Filter>src\modules\imgproc\header</Filter>
    </ClInclude>
    <ClInclude Include="src\modules\imgproc\opencl_kernels_imgproc.hpp">
      <Filter>src\modules\imgproc\header</Filter>
    </ClInclude>
    <ClInclude Include="src\modules\imgproc\smooth.simd_declarations.hpp">
      <Filter>src\modules\imgproc\header</Filter>
    </ClInclude>
    <ClInclude Include="src\modules\imgproc\sumpixels.simd_declarations.hpp">
      <Filter>src\modules\imgproc\header</Filter>
    </ClInclude>
    <ClInclude Include="src\modules\imgproc\accum.simd_declarations.hpp">
      <Filter>src\modules\imgproc\header</Filter>
    </ClInclude>
    <ClInclude Include="src\modules\imgproc\bilateral_filter.simd_declarations.hpp">
      <Filter>src\modules\imgproc\header</Filter>
    </ClInclude>
    <ClInclude Include="src\modules\imgproc\box_filter.simd_declarations.hpp">
      <Filter>src\modules\imgproc\header</Filter>
    </ClInclude>
    <ClInclude Include="src\modules\imgproc\color_hsv.simd_declarations.hpp">
      <Filter>src\modules\imgproc\header</Filter>
    </ClInclude>
    <ClInclude Include="src\modules\imgproc\color_rgb.simd_declarations.hpp">
      <Filter>src\modules\imgproc\header</Filter>
    </ClInclude>
    <ClInclude Include="src\modules\imgproc\color_yuv.simd_declarations.hpp">
      <Filter>src\modules\imgproc\header</Filter>
    </ClInclude>
  </ItemGroup>
  <ItemGroup>
    <None Include="src\modules\imgproc\src\opencl\filter2D.cl">
      <Filter>src\modules\imgproc\src\opencl</Filter>
    </None>
    <None Include="src\modules\imgproc\src\opencl\filter2DSmall.cl">
      <Filter>src\modules\imgproc\src\opencl</Filter>
    </None>
    <None Include="src\modules\imgproc\src\opencl\filterSep_singlePass.cl">
      <Filter>src\modules\imgproc\src\opencl</Filter>
    </None>
    <None Include="src\modules\imgproc\src\opencl\filterSepCol.cl">
      <Filter>src\modules\imgproc\src\opencl</Filter>
    </None>
    <None Include="src\modules\imgproc\src\opencl\filterSepRow.cl">
      <Filter>src\modules\imgproc\src\opencl</Filter>
    </None>
    <None Include="src\modules\imgproc\src\opencl\filterSmall.cl">
      <Filter>src\modules\imgproc\src\opencl</Filter>
    </None>
    <None Include="src\modules\imgproc\src\opencl\gaussianBlur3x3.cl">
      <Filter>src\modules\imgproc\src\opencl</Filter>
    </None>
    <None Include="src\modules\imgproc\src\opencl\gaussianBlur5x5.cl">
      <Filter>src\modules\imgproc\src\opencl</Filter>
    </None>
    <None Include="src\modules\imgproc\src\opencl\gftt.cl">
      <Filter>src\modules\imgproc\src\opencl</Filter>
    </None>
    <None Include="src\modules\imgproc\src\opencl\histogram.cl">
      <Filter>src\modules\imgproc\src\opencl</Filter>
    </None>
    <None Include="src\modules\imgproc\src\opencl\hough_lines.cl">
      <Filter>src\modules\imgproc\src\opencl</Filter>
    </None>
    <None Include="src\modules\imgproc\src\opencl\integral_sum.cl">
      <Filter>src\modules\imgproc\src\opencl</Filter>
    </None>
    <None Include="src\modules\imgproc\src\opencl\laplacian3.cl">
      <Filter>src\modules\imgproc\src\opencl</Filter>
    </None>
    <None Include="src\modules\imgproc\src\opencl\laplacian5.cl">
      <Filter>src\modules\imgproc\src\opencl</Filter>
    </None>
    <None Include="src\modules\imgproc\src\opencl\linearPolar.cl">
      <Filter>src\modules\imgproc\src\opencl</Filter>
    </None>
    <None Include="src\modules\imgproc\src\opencl\logPolar.cl">
      <Filter>src\modules\imgproc\src\opencl</Filter>
    </None>
    <None Include="src\modules\imgproc\src\opencl\match_template.cl">
      <Filter>src\modules\imgproc\src\opencl</Filter>
    </None>
    <None Include="src\modules\imgproc\src\opencl\medianFilter.cl">
      <Filter>src\modules\imgproc\src\opencl</Filter>
    </None>
    <None Include="src\modules\imgproc\src\opencl\moments.cl">
      <Filter>src\modules\imgproc\src\opencl</Filter>
    </None>
    <None Include="src\modules\imgproc\src\opencl\morph.cl">
      <Filter>src\modules\imgproc\src\opencl</Filter>
    </None>
    <None Include="src\modules\imgproc\src\opencl\morph3x3.cl">
      <Filter>src\modules\imgproc\src\opencl</Filter>
    </None>
    <None Include="src\modules\imgproc\src\opencl\precornerdetect.cl">
      <Filter>src\modules\imgproc\src\opencl</Filter>
    </None>
    <None Include="src\modules\imgproc\src\opencl\pyr_down.cl">
      <Filter>src\modules\imgproc\src\opencl</Filter>
    </None>
    <None Include="src\modules\imgproc\src\opencl\pyr_up.cl">
      <Filter>src\modules\imgproc\src\opencl</Filter>
    </None>
    <None Include="src\modules\imgproc\src\opencl\pyramid_up.cl">
      <Filter>src\modules\imgproc\src\opencl</Filter>
    </None>
    <None Include="src\modules\imgproc\src\opencl\remap.cl">
      <Filter>src\modules\imgproc\src\opencl</Filter>
    </None>
    <None Include="src\modules\imgproc\src\opencl\resize.cl">
      <Filter>src\modules\imgproc\src\opencl</Filter>
    </None>
    <None Include="src\modules\imgproc\src\opencl\sepFilter3x3.cl">
      <Filter>src\modules\imgproc\src\opencl</Filter>
    </None>
    <None Include="src\modules\imgproc\src\opencl\threshold.cl">
      <Filter>src\modules\imgproc\src\opencl</Filter>
    </None>
    <None Include="src\modules\imgproc\src\opencl\warp_affine.cl">
      <Filter>src\modules\imgproc\src\opencl</Filter>
    </None>
    <None Include="src\modules\imgproc\src\opencl\warp_perspective.cl">
      <Filter>src\modules\imgproc\src\opencl</Filter>
    </None>
    <None Include="src\modules\imgproc\src\opencl\warp_transform.cl">
      <Filter>src\modules\imgproc\src\opencl</Filter>
    </None>
    <None Include="src\modules\imgproc\src\opencl\accumulate.cl">
      <Filter>src\modules\imgproc\src\opencl</Filter>
    </None>
    <None Include="src\modules\imgproc\src\opencl\bilateral.cl">
      <Filter>src\modules\imgproc\src\opencl</Filter>
    </None>
    <None Include="src\modules\imgproc\src\opencl\blend_linear.cl">
      <Filter>src\modules\imgproc\src\opencl</Filter>
    </None>
    <None Include="src\modules\imgproc\src\opencl\boxFilter.cl">
      <Filter>src\modules\imgproc\src\opencl</Filter>
    </None>
    <None Include="src\modules\imgproc\src\opencl\boxFilter3x3.cl">
      <Filter>src\modules\imgproc\src\opencl</Filter>
    </None>
    <None Include="src\modules\imgproc\src\opencl\calc_back_project.cl">
      <Filter>src\modules\imgproc\src\opencl</Filter>
    </None>
    <None Include="src\modules\imgproc\src\opencl\canny.cl">
      <Filter>src\modules\imgproc\src\opencl</Filter>
    </None>
    <None Include="src\modules\imgproc\src\opencl\clahe.cl">
      <Filter>src\modules\imgproc\src\opencl</Filter>
    </None>
    <None Include="src\modules\imgproc\src\opencl\color_hsv.cl">
      <Filter>src\modules\imgproc\src\opencl</Filter>
    </None>
    <None Include="src\modules\imgproc\src\opencl\color_lab.cl">
      <Filter>src\modules\imgproc\src\opencl</Filter>
    </None>
    <None Include="src\modules\imgproc\src\opencl\color_rgb.cl">
      <Filter>src\modules\imgproc\src\opencl</Filter>
    </None>
    <None Include="src\modules\imgproc\src\opencl\color_yuv.cl">
      <Filter>src\modules\imgproc\src\opencl</Filter>
    </None>
    <None Include="src\modules\imgproc\src\opencl\corner.cl">
      <Filter>src\modules\imgproc\src\opencl</Filter>
    </None>
    <None Include="src\modules\imgproc\src\opencl\covardata.cl">
      <Filter>src\modules\imgproc\src\opencl</Filter>
    </None>
  </ItemGroup>
</Project>